{
  "name": "template_leak",
  "version": "1.0.0",
  "lockfileVersion": 2,
  "requires": true,
  "packages": {
    "": {
      "name": "template_leak",
      "version": "1.0.0",
      "license": "ISC",
      "dependencies": {
        "gulpachek": "file:.."
      }
    },
    "..": {
      "version": "1.0.0",
      "license": "ISC",
      "dependencies": {
        "async-done": "^2.0.0",
        "commander": "^9.4.0",
        "fancy-log": "^2.0.0",
        "semver": "^7.3.7"
      },
      "devDependencies": {
        "jasmine": "^4.1.0"
      }
    },
    "node_modules/gulpachek": {
      "resolved": "..",
      "link": true
    }
  },
  "dependencies": {
    "gulpachek": {
      "version": "file:..",
      "requires": {
        "async-done": "^2.0.0",
        "commander": "^9.4.0",
        "fancy-log": "^2.0.0",
        "jasmine": "^4.1.0",
        "semver": "^7.3.7"
      }
    }
  }
}
